
Microsoft Visual Studio Solution File, Format Version 12.00
# Visual Studio Version 17
VisualStudioVersion = 17.14.36109.1 d17.14
MinimumVisualStudioVersion = 10.0.40219.1
Project("{FAE04EC0-301F-11D3-BF4B-00C04F79EFBC}") = "CinemaSite", "CinemaSite\CinemaSite.csproj", "{2C89DDA5-7E7B-414A-B27A-05D785D80951}"
EndProject
Global
	GlobalSection(SolutionConfigurationPlatforms) = preSolution
		Debug|Any CPU = Debug|Any CPU
		Release|Any CPU = Release|Any CPU
	EndGlobalSection
	GlobalSection(ProjectConfigurationPlatforms) = postSolution
		{2C89DDA5-7E7B-414A-B27A-05D785D80951}.Debug|Any CPU.ActiveCfg = Debug|Any CPU
		{2C89DDA5-7E7B-414A-B27A-05D785D80951}.Debug|Any CPU.Build.0 = Debug|Any CPU
		{2C89DDA5-7E7B-414A-B27A-05D785D80951}.Release|Any CPU.ActiveCfg = Release|Any CPU
		{2C89DDA5-7E7B-414A-B27A-05D785D80951}.Release|Any CPU.Build.0 = Release|Any CPU
	EndGlobalSection
	GlobalSection(SolutionProperties) = preSolution
		HideSolutionNode = FALSE
	EndGlobalSection
	GlobalSection(ExtensibilityGlobals) = postSolution
		SolutionGuid = {3B47DE3D-E915-448B-BF23-681A15E901A8}
	EndGlobalSection
EndGlobal
